
Microsoft Visual Studio Solution File, Format Version 12.00
Project("{2150E333-8FDC-42A3-9474-1A3956D46DE8}") = "src", "src", "{F099F1E6-CB4D-4712-B015-A22F9ACA50E8}"
EndProject
Project("{FAE04EC0-301F-11D3-BF4B-00C04F79EFBC}") = "LogPort.Core", "src\LogPort.Core\LogPort.Core.csproj", "{C539DE40-F06C-4B16-B4D3-9966DAD1715F}"
EndProject
Project("{FAE04EC0-301F-11D3-BF4B-00C04F79EFBC}") = "LogPort.Agent", "src\LogPort.Agent\LogPort.Agent.csproj", "{6CEBA8C7-E1F5-4878-9E66-71B1931EA0C4}"
EndProject
Project("{FAE04EC0-301F-11D3-BF4B-00C04F79EFBC}") = "LogPort.Internal.ElasticSearch", "src\LogPort.Internal.ElasticSearch\LogPort.Internal.ElasticSearch.csproj", "{2CC00864-EEAA-4D7B-885D-DE92D031FADB}"
EndProject
Project("{FAE04EC0-301F-11D3-BF4B-00C04F79EFBC}") = "LogPort.Internal.Postgres", "src\LogPort.Internal.Postgres\LogPort.Internal.Postgres.csproj", "{F6772277-149F-4834-B5A6-EC15B63F96B4}"
EndProject
Project("{FAE04EC0-301F-11D3-BF4B-00C04F79EFBC}") = "ConsoleApp", "src\ConsoleApp\ConsoleApp.csproj", "{669F4D34-3BEA-4A2C-8805-CF918902B88D}"
EndProject
Project("{FAE04EC0-301F-11D3-BF4B-00C04F79EFBC}") = "LogPort.Internal.Common", "src\LogPort.Internal.Common\LogPort.Internal.Common.csproj", "{D453214E-4F33-4A83-99CE-4AEC423B1DC6}"
EndProject
Project("{FAE04EC0-301F-11D3-BF4B-00C04F79EFBC}") = "LogPort.SDK", "src\LogPort.SDK\LogPort.SDK.csproj", "{C0C54086-733D-47B2-BB59-04C469A26E85}"
EndProject
Global
	GlobalSection(SolutionConfigurationPlatforms) = preSolution
		Debug|Any CPU = Debug|Any CPU
		Release|Any CPU = Release|Any CPU
	EndGlobalSection
	GlobalSection(NestedProjects) = preSolution
		{C539DE40-F06C-4B16-B4D3-9966DAD1715F} = {F099F1E6-CB4D-4712-B015-A22F9ACA50E8}
		{6CEBA8C7-E1F5-4878-9E66-71B1931EA0C4} = {F099F1E6-CB4D-4712-B015-A22F9ACA50E8}
		{2CC00864-EEAA-4D7B-885D-DE92D031FADB} = {F099F1E6-CB4D-4712-B015-A22F9ACA50E8}
		{F6772277-149F-4834-B5A6-EC15B63F96B4} = {F099F1E6-CB4D-4712-B015-A22F9ACA50E8}
		{669F4D34-3BEA-4A2C-8805-CF918902B88D} = {F099F1E6-CB4D-4712-B015-A22F9ACA50E8}
		{D453214E-4F33-4A83-99CE-4AEC423B1DC6} = {F099F1E6-CB4D-4712-B015-A22F9ACA50E8}
		{C0C54086-733D-47B2-BB59-04C469A26E85} = {F099F1E6-CB4D-4712-B015-A22F9ACA50E8}
	EndGlobalSection
	GlobalSection(ProjectConfigurationPlatforms) = postSolution
		{C539DE40-F06C-4B16-B4D3-9966DAD1715F}.Debug|Any CPU.ActiveCfg = Debug|Any CPU
		{C539DE40-F06C-4B16-B4D3-9966DAD1715F}.Debug|Any CPU.Build.0 = Debug|Any CPU
		{C539DE40-F06C-4B16-B4D3-9966DAD1715F}.Release|Any CPU.ActiveCfg = Release|Any CPU
		{C539DE40-F06C-4B16-B4D3-9966DAD1715F}.Release|Any CPU.Build.0 = Release|Any CPU
		{6CEBA8C7-E1F5-4878-9E66-71B1931EA0C4}.Debug|Any CPU.ActiveCfg = Debug|Any CPU
		{6CEBA8C7-E1F5-4878-9E66-71B1931EA0C4}.Debug|Any CPU.Build.0 = Debug|Any CPU
		{6CEBA8C7-E1F5-4878-9E66-71B1931EA0C4}.Release|Any CPU.ActiveCfg = Release|Any CPU
		{6CEBA8C7-E1F5-4878-9E66-71B1931EA0C4}.Release|Any CPU.Build.0 = Release|Any CPU
		{2CC00864-EEAA-4D7B-885D-DE92D031FADB}.Debug|Any CPU.ActiveCfg = Debug|Any CPU
		{2CC00864-EEAA-4D7B-885D-DE92D031FADB}.Debug|Any CPU.Build.0 = Debug|Any CPU
		{2CC00864-EEAA-4D7B-885D-DE92D031FADB}.Release|Any CPU.ActiveCfg = Release|Any CPU
		{2CC00864-EEAA-4D7B-885D-DE92D031FADB}.Release|Any CPU.Build.0 = Release|Any CPU
		{F6772277-149F-4834-B5A6-EC15B63F96B4}.Debug|Any CPU.ActiveCfg = Debug|Any CPU
		{F6772277-149F-4834-B5A6-EC15B63F96B4}.Debug|Any CPU.Build.0 = Debug|Any CPU
		{F6772277-149F-4834-B5A6-EC15B63F96B4}.Release|Any CPU.ActiveCfg = Release|Any CPU
		{F6772277-149F-4834-B5A6-EC15B63F96B4}.Release|Any CPU.Build.0 = Release|Any CPU
		{669F4D34-3BEA-4A2C-8805-CF918902B88D}.Debug|Any CPU.ActiveCfg = Debug|Any CPU
		{669F4D34-3BEA-4A2C-8805-CF918902B88D}.Debug|Any CPU.Build.0 = Debug|Any CPU
		{669F4D34-3BEA-4A2C-8805-CF918902B88D}.Release|Any CPU.ActiveCfg = Release|Any CPU
		{669F4D34-3BEA-4A2C-8805-CF918902B88D}.Release|Any CPU.Build.0 = Release|Any CPU
		{D453214E-4F33-4A83-99CE-4AEC423B1DC6}.Debug|Any CPU.ActiveCfg = Debug|Any CPU
		{D453214E-4F33-4A83-99CE-4AEC423B1DC6}.Debug|Any CPU.Build.0 = Debug|Any CPU
		{D453214E-4F33-4A83-99CE-4AEC423B1DC6}.Release|Any CPU.ActiveCfg = Release|Any CPU
		{D453214E-4F33-4A83-99CE-4AEC423B1DC6}.Release|Any CPU.Build.0 = Release|Any CPU
		{C0C54086-733D-47B2-BB59-04C469A26E85}.Debug|Any CPU.ActiveCfg = Debug|Any CPU
		{C0C54086-733D-47B2-BB59-04C469A26E85}.Debug|Any CPU.Build.0 = Debug|Any CPU
		{C0C54086-733D-47B2-BB59-04C469A26E85}.Release|Any CPU.ActiveCfg = Release|Any CPU
		{C0C54086-733D-47B2-BB59-04C469A26E85}.Release|Any CPU.Build.0 = Release|Any CPU
	EndGlobalSection
EndGlobal
